
Microsoft Visual Studio Solution File, Format Version 12.00
# Visual Studio Version 17
VisualStudioVersion = 17.5.33424.131
MinimumVisualStudioVersion = 10.0.40219.1
Project("{2150E333-8FDC-42A3-9474-1A3956D46DE8}") = "Data", "Data", "{C2BC6C59-0B03-4976-80B7-B5E01CAE0C05}"
EndProject
Project("{2150E333-8FDC-42A3-9474-1A3956D46DE8}") = "Database", "Database", "{8B071B27-F659-44EE-BE4A-22E0250955E8}"
EndProject
Project("{2150E333-8FDC-42A3-9474-1A3956D46DE8}") = "Sources", "Sources", "{9E5C79DE-6CF9-4AE3-9B31-42DC288F4FC6}"
EndProject
Project("{2150E333-8FDC-42A3-9474-1A3956D46DE8}") = "Core", "Core", "{9D5B823E-81A0-4EF7-9509-3F8B3A9A58CB}"
EndProject
Project("{9A19103F-16F7-4668-BE54-9A1E7A4F7556}") = "RyazanSpace.DAL", "Data\Database\RyazanSpace.DAL\RyazanSpace.DAL.csproj", "{2F91F8FA-FA21-4FB2-9304-A1DC02D0F128}"
EndProject
Project("{9A19103F-16F7-4668-BE54-9A1E7A4F7556}") = "RyazanSpace.DAL.Entities", "Data\Database\RyazanSpace.DAL.Entities\RyazanSpace.DAL.Entities.csproj", "{F53DED63-FAEF-4A24-86C7-2DD9E6AF0CC3}"
EndProject
Project("{9A19103F-16F7-4668-BE54-9A1E7A4F7556}") = "RyazanSpace.DAL.SqlServer", "Data\Sources\RyazanSpace.DAL.SqlServer\RyazanSpace.DAL.SqlServer.csproj", "{5EAA8CA8-C53C-4957-95FE-1641156B13F9}"
EndProject
Project("{9A19103F-16F7-4668-BE54-9A1E7A4F7556}") = "RyazanSpace.Interfaces", "Core\RyazanSpace.Interfaces\RyazanSpace.Interfaces.csproj", "{9EF325DE-80D8-4C18-AACC-C947AF8A0AD9}"
EndProject
Project("{2150E333-8FDC-42A3-9474-1A3956D46DE8}") = "API", "API", "{654F40AC-135A-45DD-8097-04D5389CD581}"
EndProject
Project("{9A19103F-16F7-4668-BE54-9A1E7A4F7556}") = "RyazanSpace.DAL.API", "Data\API\RyazanSpace.DAL.API\RyazanSpace.DAL.API.csproj", "{8F475499-07AC-4C60-82BD-66535E5A5128}"
EndProject
Project("{9A19103F-16F7-4668-BE54-9A1E7A4F7556}") = "RyazanSpace.DAL.Client", "Data\API\RyazanSpace.DAL.Client\RyazanSpace.DAL.Client.csproj", "{04359984-AA05-43A1-BC4E-03A988F49C9F}"
EndProject
Project("{2150E333-8FDC-42A3-9474-1A3956D46DE8}") = "Domain", "Domain", "{D2DB8F06-F29C-43A3-AC10-803635A6BB6C}"
EndProject
Project("{2150E333-8FDC-42A3-9474-1A3956D46DE8}") = "Account", "Account", "{1CDC3C33-DCEF-4EB8-AAC2-5E631AFC7081}"
EndProject
Project("{2150E333-8FDC-42A3-9474-1A3956D46DE8}") = "Authentication", "Authentication", "{89E37E7C-46D0-4976-9234-5CDF08A7F626}"
EndProject
Project("{9A19103F-16F7-4668-BE54-9A1E7A4F7556}") = "RyazanSpace.Domain.Auth.Services", "Domain\Account\Authentication\RyazanSpace.Domain.Auth.Services\RyazanSpace.Domain.Auth.Services.csproj", "{75164CAD-AD2C-43A6-9403-F80C1E72B4E9}"
EndProject
Project("{9A19103F-16F7-4668-BE54-9A1E7A4F7556}") = "RyazanSpace.Domain.Auth.DTO", "Domain\Account\Authentication\RyazanSpace.Domain.Auth.DTO\RyazanSpace.Domain.Auth.DTO.csproj", "{2015886E-580F-429E-8BCF-5A6E8FD53D20}"
EndProject
Project("{9A19103F-16F7-4668-BE54-9A1E7A4F7556}") = "RyazanSpace.Domain.Auth.Exceptions", "Domain\Account\Authentication\RyazanSpace.Domain.Auth.Exceptions\RyazanSpace.Domain.Auth.Exceptions.csproj", "{BDADD7D4-EEA8-489E-B836-5B260E6B04CE}"
EndProject
Project("{9A19103F-16F7-4668-BE54-9A1E7A4F7556}") = "RyazanSpace.Domain.Auth.API", "Domain\Account\Authentication\RyazanSpace.Domain.Auth.API\RyazanSpace.Domain.Auth.API.csproj", "{B9A4A5E7-8B2A-4BF6-8C3A-114395F8F70C}"
EndProject
Project("{9A19103F-16F7-4668-BE54-9A1E7A4F7556}") = "RyazanSpace.Domain.Auth.API.Client", "Domain\Account\Authentication\RyazanSpace.Domain.Auth.API.Client\RyazanSpace.Domain.Auth.API.Client.csproj", "{1142506C-9EDD-4EE4-8143-371843560110}"
EndProject
Project("{2150E333-8FDC-42A3-9474-1A3956D46DE8}") = "Services", "Services", "{A7500981-D3B0-4F0E-976A-CBF8CCB23C34}"
EndProject
Project("{9A19103F-16F7-4668-BE54-9A1E7A4F7556}") = "RyazanSpace.Domain.Auth.Mails", "Domain\Account\Authentication\RyazanSpace.Domain.Auth.Mails\RyazanSpace.Domain.Auth.Mails.csproj", "{4BF293ED-ED0C-412E-90A9-80DF70A68360}"
EndProject
Project("{9A19103F-16F7-4668-BE54-9A1E7A4F7556}") = "RyazanSpace.Services.MailService", "Services\RyazanSpace.Services.MailService\RyazanSpace.Services.MailService.csproj", "{03C78E1C-8DF1-4432-9A1D-5452E50858E6}"
EndProject
Project("{9A19103F-16F7-4668-BE54-9A1E7A4F7556}") = "RyazanSpace.Core", "Core\RyazanSpace.Core\RyazanSpace.Core.csproj", "{D6166F93-B231-41B1-9D26-3592935A912E}"
EndProject
Project("{2150E333-8FDC-42A3-9474-1A3956D46DE8}") = "UI", "UI", "{B25F93AF-125C-4C10-B1CC-D1CCCCC6D142}"
EndProject
Project("{9A19103F-16F7-4668-BE54-9A1E7A4F7556}") = "RyazanSpace.UI.WPF", "UI\RyazanSpace.UI.WPF\RyazanSpace.UI.WPF.csproj", "{149444F5-F87A-48A9-8F72-04DAE34D50E8}"
EndProject
Project("{2150E333-8FDC-42A3-9474-1A3956D46DE8}") = "Profile", "Profile", "{3C2B7D76-6C14-43BE-830D-3A0F514066D4}"
EndProject
Project("{9A19103F-16F7-4668-BE54-9A1E7A4F7556}") = "RyazanSpace.Domain.Profile.API", "Domain\Profile\RyazanSpace.Domain.Profile.API\RyazanSpace.Domain.Profile.API.csproj", "{ABE983B5-5153-431B-AAD2-1823BD91C2BB}"
EndProject
Project("{9A19103F-16F7-4668-BE54-9A1E7A4F7556}") = "RyazanSpace.Domain.Profile.Services", "Domain\Profile\RyazanSpace.Domain.Profile.Services\RyazanSpace.Domain.Profile.Services.csproj", "{961A1BA2-2689-409D-B4C2-BE32516DC05A}"
EndProject
Project("{9A19103F-16F7-4668-BE54-9A1E7A4F7556}") = "RyazanSpace.Domain.Profile.DTO", "Domain\Profile\RyazanSpace.Domain.Profile.DTO\RyazanSpace.Domain.Profile.DTO.csproj", "{A8D4C5A8-45B4-4DB8-BCB8-6D3D9E2CF720}"
EndProject
Project("{9A19103F-16F7-4668-BE54-9A1E7A4F7556}") = "RyazanSpace.Services.YandexCloud", "Services\RyazanSpace.Services.YandexCloud\RyazanSpace.Services.YandexCloud.csproj", "{BDA785E6-14E4-418F-AEB0-B00022E7736F}"
EndProject
Project("{2150E333-8FDC-42A3-9474-1A3956D46DE8}") = "Cloud", "Cloud", "{191AB1A3-B8B0-41D2-8D83-47FD2EA35B6B}"
EndProject
Project("{9A19103F-16F7-4668-BE54-9A1E7A4F7556}") = "RyazanSpace.Domain.Cloud.Services", "Domain\Cloud\RyazanSpace.Domain.Cloud.Services\RyazanSpace.Domain.Cloud.Services.csproj", "{3FC3629D-0221-44A0-A1CC-F53293556239}"
EndProject
Project("{9A19103F-16F7-4668-BE54-9A1E7A4F7556}") = "RyazanSpace.Domain.Cloud.API", "Domain\Cloud\RyazanSpace.Domain.Cloud.API\RyazanSpace.Domain.Cloud.API.csproj", "{38CEBD3F-591B-4190-9ACD-555BE7D897FE}"
EndProject
Project("{9A19103F-16F7-4668-BE54-9A1E7A4F7556}") = "RyazanSpace.Domain.Cloud.DTO", "Domain\Cloud\RyazanSpace.Domain.Cloud.DTO\RyazanSpace.Domain.Cloud.DTO.csproj", "{84AA3521-AE4A-4BE9-937C-D9FD1D63A28C}"
EndProject
Project("{9A19103F-16F7-4668-BE54-9A1E7A4F7556}") = "RyazanSpace.Domain.Cloud.API.Client", "Domain\Cloud\RyazanSpace.Domain.Cloud.API.Client\RyazanSpace.Domain.Cloud.API.Client.csproj", "{99DD2D2A-3C4B-41D5-BDF5-3F62DA587EB0}"
EndProject
Project("{9A19103F-16F7-4668-BE54-9A1E7A4F7556}") = "RyazanSpace.Domain.Profile.API.Client", "Domain\Profile\RyazanSpace.Domain.Profile.API.Client\RyazanSpace.Domain.Profile.API.Client.csproj", "{673960FC-29FC-40EA-A13C-F0CEA887BBF3}"
EndProject
Project("{2150E333-8FDC-42A3-9474-1A3956D46DE8}") = "Groups", "Groups", "{8D5DE5D5-F452-4860-A300-D30966B0BC01}"
EndProject
Project("{9A19103F-16F7-4668-BE54-9A1E7A4F7556}") = "RyazanSpace.Domain.Groups.Services", "Domain\Groups\RyazanSpace.Domain.Groups.Services\RyazanSpace.Domain.Groups.Services.csproj", "{B5B439C4-586A-4629-85F0-18503E278BF3}"
EndProject
Project("{9A19103F-16F7-4668-BE54-9A1E7A4F7556}") = "RyazanSpace.Domain.Groups.DTO", "Domain\Groups\RyazanSpace.Domain.Groups.DTO\RyazanSpace.Domain.Groups.DTO.csproj", "{7E95AD4A-232A-4132-BF89-2C20DD1C20D6}"
EndProject
Project("{9A19103F-16F7-4668-BE54-9A1E7A4F7556}") = "RyazanSpace.Domain.Groups.API", "Domain\Groups\RyazanSpace.Domain.Groups.API\RyazanSpace.Domain.Groups.API.csproj", "{9515B5E3-ED95-424F-A8E7-C2DEB9BB9DE4}"
EndProject
Project("{9A19103F-16F7-4668-BE54-9A1E7A4F7556}") = "RyazanSpace.Domain.Groups.API.Client", "Domain\Groups\RyazanSpace.Domain.Groups.API.Client\RyazanSpace.Domain.Groups.API.Client.csproj", "{89F6CFAC-DFFA-4E6A-89BC-4BD3F5EA7E08}"
EndProject
Project("{2150E333-8FDC-42A3-9474-1A3956D46DE8}") = "ServerCloud", "ServerCloud", "{878E3103-E113-4E53-9359-06804190FE82}"
EndProject
Project("{9A19103F-16F7-4668-BE54-9A1E7A4F7556}") = "RyazanSpace.Services.ServerCloud.API", "Services\ServerCloud\RyazanSpace.Services.ServerCloud.API\RyazanSpace.Services.ServerCloud.API.csproj", "{D4244C23-B268-435C-ADC7-57874290792B}"
EndProject
Project("{9A19103F-16F7-4668-BE54-9A1E7A4F7556}") = "RyazanSpace.Services.ServerCloud.API.Client", "Services\ServerCloud\RyazanSpace.Services.ServerCloud.API.Client\RyazanSpace.Services.ServerCloud.API.Client.csproj", "{EF047F46-095E-46EF-A2A3-D0B50F44E382}"
EndProject
Project("{2150E333-8FDC-42A3-9474-1A3956D46DE8}") = "Screenshots", "Screenshots", "{6EF464E4-C2C9-4689-A6FD-B4185285CBBD}"
	ProjectSection(SolutionItems) = preProject
		Screenshots\diagram.jpg = Screenshots\diagram.jpg
		Screenshots\RyazanSpace.UI.WPF_aNZBNpTIq7.png = Screenshots\RyazanSpace.UI.WPF_aNZBNpTIq7.png
		Screenshots\RyazanSpace.UI.WPF_q5RldLOncS.png = Screenshots\RyazanSpace.UI.WPF_q5RldLOncS.png
		Screenshots\RyazanSpace.UI.WPF_qyKExSVPx2.png = Screenshots\RyazanSpace.UI.WPF_qyKExSVPx2.png
		Screenshots\RyazanSpace.UI.WPF_yeu0V7fQPo.png = Screenshots\RyazanSpace.UI.WPF_yeu0V7fQPo.png
	EndProjectSection
EndProject
Global
	GlobalSection(SolutionConfigurationPlatforms) = preSolution
		Debug|Any CPU = Debug|Any CPU
		Release|Any CPU = Release|Any CPU
	EndGlobalSection
	GlobalSection(ProjectConfigurationPlatforms) = postSolution
		{2F91F8FA-FA21-4FB2-9304-A1DC02D0F128}.Debug|Any CPU.ActiveCfg = Debug|Any CPU
		{2F91F8FA-FA21-4FB2-9304-A1DC02D0F128}.Debug|Any CPU.Build.0 = Debug|Any CPU
		{2F91F8FA-FA21-4FB2-9304-A1DC02D0F128}.Release|Any CPU.ActiveCfg = Release|Any CPU
		{2F91F8FA-FA21-4FB2-9304-A1DC02D0F128}.Release|Any CPU.Build.0 = Release|Any CPU
		{F53DED63-FAEF-4A24-86C7-2DD9E6AF0CC3}.Debug|Any CPU.ActiveCfg = Debug|Any CPU
		{F53DED63-FAEF-4A24-86C7-2DD9E6AF0CC3}.Debug|Any CPU.Build.0 = Debug|Any CPU
		{F53DED63-FAEF-4A24-86C7-2DD9E6AF0CC3}.Release|Any CPU.ActiveCfg = Release|Any CPU
		{F53DED63-FAEF-4A24-86C7-2DD9E6AF0CC3}.Release|Any CPU.Build.0 = Release|Any CPU
		{5EAA8CA8-C53C-4957-95FE-1641156B13F9}.Debug|Any CPU.ActiveCfg = Debug|Any CPU
		{5EAA8CA8-C53C-4957-95FE-1641156B13F9}.Debug|Any CPU.Build.0 = Debug|Any CPU
		{5EAA8CA8-C53C-4957-95FE-1641156B13F9}.Release|Any CPU.ActiveCfg = Release|Any CPU
		{5EAA8CA8-C53C-4957-95FE-1641156B13F9}.Release|Any CPU.Build.0 = Release|Any CPU
		{9EF325DE-80D8-4C18-AACC-C947AF8A0AD9}.Debug|Any CPU.ActiveCfg = Debug|Any CPU
		{9EF325DE-80D8-4C18-AACC-C947AF8A0AD9}.Debug|Any CPU.Build.0 = Debug|Any CPU
		{9EF325DE-80D8-4C18-AACC-C947AF8A0AD9}.Release|Any CPU.ActiveCfg = Release|Any CPU
		{9EF325DE-80D8-4C18-AACC-C947AF8A0AD9}.Release|Any CPU.Build.0 = Release|Any CPU
		{8F475499-07AC-4C60-82BD-66535E5A5128}.Debug|Any CPU.ActiveCfg = Debug|Any CPU
		{8F475499-07AC-4C60-82BD-66535E5A5128}.Debug|Any CPU.Build.0 = Debug|Any CPU
		{8F475499-07AC-4C60-82BD-66535E5A5128}.Release|Any CPU.ActiveCfg = Release|Any CPU
		{8F475499-07AC-4C60-82BD-66535E5A5128}.Release|Any CPU.Build.0 = Release|Any CPU
		{04359984-AA05-43A1-BC4E-03A988F49C9F}.Debug|Any CPU.ActiveCfg = Debug|Any CPU
		{04359984-AA05-43A1-BC4E-03A988F49C9F}.Debug|Any CPU.Build.0 = Debug|Any CPU
		{04359984-AA05-43A1-BC4E-03A988F49C9F}.Release|Any CPU.ActiveCfg = Release|Any CPU
		{04359984-AA05-43A1-BC4E-03A988F49C9F}.Release|Any CPU.Build.0 = Release|Any CPU
		{75164CAD-AD2C-43A6-9403-F80C1E72B4E9}.Debug|Any CPU.ActiveCfg = Debug|Any CPU
		{75164CAD-AD2C-43A6-9403-F80C1E72B4E9}.Debug|Any CPU.Build.0 = Debug|Any CPU
		{75164CAD-AD2C-43A6-9403-F80C1E72B4E9}.Release|Any CPU.ActiveCfg = Release|Any CPU
		{75164CAD-AD2C-43A6-9403-F80C1E72B4E9}.Release|Any CPU.Build.0 = Release|Any CPU
		{2015886E-580F-429E-8BCF-5A6E8FD53D20}.Debug|Any CPU.ActiveCfg = Debug|Any CPU
		{2015886E-580F-429E-8BCF-5A6E8FD53D20}.Debug|Any CPU.Build.0 = Debug|Any CPU
		{2015886E-580F-429E-8BCF-5A6E8FD53D20}.Release|Any CPU.ActiveCfg = Release|Any CPU
		{2015886E-580F-429E-8BCF-5A6E8FD53D20}.Release|Any CPU.Build.0 = Release|Any CPU
		{BDADD7D4-EEA8-489E-B836-5B260E6B04CE}.Debug|Any CPU.ActiveCfg = Debug|Any CPU
		{BDADD7D4-EEA8-489E-B836-5B260E6B04CE}.Debug|Any CPU.Build.0 = Debug|Any CPU
		{BDADD7D4-EEA8-489E-B836-5B260E6B04CE}.Release|Any CPU.ActiveCfg = Release|Any CPU
		{BDADD7D4-EEA8-489E-B836-5B260E6B04CE}.Release|Any CPU.Build.0 = Release|Any CPU
		{B9A4A5E7-8B2A-4BF6-8C3A-114395F8F70C}.Debug|Any CPU.ActiveCfg = Debug|Any CPU
		{B9A4A5E7-8B2A-4BF6-8C3A-114395F8F70C}.Debug|Any CPU.Build.0 = Debug|Any CPU
		{B9A4A5E7-8B2A-4BF6-8C3A-114395F8F70C}.Release|Any CPU.ActiveCfg = Release|Any CPU
		{B9A4A5E7-8B2A-4BF6-8C3A-114395F8F70C}.Release|Any CPU.Build.0 = Release|Any CPU
		{1142506C-9EDD-4EE4-8143-371843560110}.Debug|Any CPU.ActiveCfg = Debug|Any CPU
		{1142506C-9EDD-4EE4-8143-371843560110}.Debug|Any CPU.Build.0 = Debug|Any CPU
		{1142506C-9EDD-4EE4-8143-371843560110}.Release|Any CPU.ActiveCfg = Release|Any CPU
		{1142506C-9EDD-4EE4-8143-371843560110}.Release|Any CPU.Build.0 = Release|Any CPU
		{4BF293ED-ED0C-412E-90A9-80DF70A68360}.Debug|Any CPU.ActiveCfg = Debug|Any CPU
		{4BF293ED-ED0C-412E-90A9-80DF70A68360}.Debug|Any CPU.Build.0 = Debug|Any CPU
		{4BF293ED-ED0C-412E-90A9-80DF70A68360}.Release|Any CPU.ActiveCfg = Release|Any CPU
		{4BF293ED-ED0C-412E-90A9-80DF70A68360}.Release|Any CPU.Build.0 = Release|Any CPU
		{03C78E1C-8DF1-4432-9A1D-5452E50858E6}.Debug|Any CPU.ActiveCfg = Debug|Any CPU
		{03C78E1C-8DF1-4432-9A1D-5452E50858E6}.Debug|Any CPU.Build.0 = Debug|Any CPU
		{03C78E1C-8DF1-4432-9A1D-5452E50858E6}.Release|Any CPU.ActiveCfg = Release|Any CPU
		{03C78E1C-8DF1-4432-9A1D-5452E50858E6}.Release|Any CPU.Build.0 = Release|Any CPU
		{D6166F93-B231-41B1-9D26-3592935A912E}.Debug|Any CPU.ActiveCfg = Debug|Any CPU
		{D6166F93-B231-41B1-9D26-3592935A912E}.Debug|Any CPU.Build.0 = Debug|Any CPU
		{D6166F93-B231-41B1-9D26-3592935A912E}.Release|Any CPU.ActiveCfg = Release|Any CPU
		{D6166F93-B231-41B1-9D26-3592935A912E}.Release|Any CPU.Build.0 = Release|Any CPU
		{149444F5-F87A-48A9-8F72-04DAE34D50E8}.Debug|Any CPU.ActiveCfg = Debug|Any CPU
		{149444F5-F87A-48A9-8F72-04DAE34D50E8}.Debug|Any CPU.Build.0 = Debug|Any CPU
		{149444F5-F87A-48A9-8F72-04DAE34D50E8}.Release|Any CPU.ActiveCfg = Release|Any CPU
		{149444F5-F87A-48A9-8F72-04DAE34D50E8}.Release|Any CPU.Build.0 = Release|Any CPU
		{ABE983B5-5153-431B-AAD2-1823BD91C2BB}.Debug|Any CPU.ActiveCfg = Debug|Any CPU
		{ABE983B5-5153-431B-AAD2-1823BD91C2BB}.Debug|Any CPU.Build.0 = Debug|Any CPU
		{ABE983B5-5153-431B-AAD2-1823BD91C2BB}.Release|Any CPU.ActiveCfg = Release|Any CPU
		{ABE983B5-5153-431B-AAD2-1823BD91C2BB}.Release|Any CPU.Build.0 = Release|Any CPU
		{961A1BA2-2689-409D-B4C2-BE32516DC05A}.Debug|Any CPU.ActiveCfg = Debug|Any CPU
		{961A1BA2-2689-409D-B4C2-BE32516DC05A}.Debug|Any CPU.Build.0 = Debug|Any CPU
		{961A1BA2-2689-409D-B4C2-BE32516DC05A}.Release|Any CPU.ActiveCfg = Release|Any CPU
		{961A1BA2-2689-409D-B4C2-BE32516DC05A}.Release|Any CPU.Build.0 = Release|Any CPU
		{A8D4C5A8-45B4-4DB8-BCB8-6D3D9E2CF720}.Debug|Any CPU.ActiveCfg = Debug|Any CPU
		{A8D4C5A8-45B4-4DB8-BCB8-6D3D9E2CF720}.Debug|Any CPU.Build.0 = Debug|Any CPU
		{A8D4C5A8-45B4-4DB8-BCB8-6D3D9E2CF720}.Release|Any CPU.ActiveCfg = Release|Any CPU
		{A8D4C5A8-45B4-4DB8-BCB8-6D3D9E2CF720}.Release|Any CPU.Build.0 = Release|Any CPU
		{BDA785E6-14E4-418F-AEB0-B00022E7736F}.Debug|Any CPU.ActiveCfg = Debug|Any CPU
		{BDA785E6-14E4-418F-AEB0-B00022E7736F}.Debug|Any CPU.Build.0 = Debug|Any CPU
		{BDA785E6-14E4-418F-AEB0-B00022E7736F}.Release|Any CPU.ActiveCfg = Release|Any CPU
		{BDA785E6-14E4-418F-AEB0-B00022E7736F}.Release|Any CPU.Build.0 = Release|Any CPU
		{3FC3629D-0221-44A0-A1CC-F53293556239}.Debug|Any CPU.ActiveCfg = Debug|Any CPU
		{3FC3629D-0221-44A0-A1CC-F53293556239}.Debug|Any CPU.Build.0 = Debug|Any CPU
		{3FC3629D-0221-44A0-A1CC-F53293556239}.Release|Any CPU.ActiveCfg = Release|Any CPU
		{3FC3629D-0221-44A0-A1CC-F53293556239}.Release|Any CPU.Build.0 = Release|Any CPU
		{38CEBD3F-591B-4190-9ACD-555BE7D897FE}.Debug|Any CPU.ActiveCfg = Debug|Any CPU
		{38CEBD3F-591B-4190-9ACD-555BE7D897FE}.Debug|Any CPU.Build.0 = Debug|Any CPU
		{38CEBD3F-591B-4190-9ACD-555BE7D897FE}.Release|Any CPU.ActiveCfg = Release|Any CPU
		{38CEBD3F-591B-4190-9ACD-555BE7D897FE}.Release|Any CPU.Build.0 = Release|Any CPU
		{84AA3521-AE4A-4BE9-937C-D9FD1D63A28C}.Debug|Any CPU.ActiveCfg = Debug|Any CPU
		{84AA3521-AE4A-4BE9-937C-D9FD1D63A28C}.Debug|Any CPU.Build.0 = Debug|Any CPU
		{84AA3521-AE4A-4BE9-937C-D9FD1D63A28C}.Release|Any CPU.ActiveCfg = Release|Any CPU
		{84AA3521-AE4A-4BE9-937C-D9FD1D63A28C}.Release|Any CPU.Build.0 = Release|Any CPU
		{99DD2D2A-3C4B-41D5-BDF5-3F62DA587EB0}.Debug|Any CPU.ActiveCfg = Debug|Any CPU
		{99DD2D2A-3C4B-41D5-BDF5-3F62DA587EB0}.Debug|Any CPU.Build.0 = Debug|Any CPU
		{99DD2D2A-3C4B-41D5-BDF5-3F62DA587EB0}.Release|Any CPU.ActiveCfg = Release|Any CPU
		{99DD2D2A-3C4B-41D5-BDF5-3F62DA587EB0}.Release|Any CPU.Build.0 = Release|Any CPU
		{673960FC-29FC-40EA-A13C-F0CEA887BBF3}.Debug|Any CPU.ActiveCfg = Debug|Any CPU
		{673960FC-29FC-40EA-A13C-F0CEA887BBF3}.Debug|Any CPU.Build.0 = Debug|Any CPU
		{673960FC-29FC-40EA-A13C-F0CEA887BBF3}.Release|Any CPU.ActiveCfg = Release|Any CPU
		{673960FC-29FC-40EA-A13C-F0CEA887BBF3}.Release|Any CPU.Build.0 = Release|Any CPU
		{B5B439C4-586A-4629-85F0-18503E278BF3}.Debug|Any CPU.ActiveCfg = Debug|Any CPU
		{B5B439C4-586A-4629-85F0-18503E278BF3}.Debug|Any CPU.Build.0 = Debug|Any CPU
		{B5B439C4-586A-4629-85F0-18503E278BF3}.Release|Any CPU.ActiveCfg = Release|Any CPU
		{B5B439C4-586A-4629-85F0-18503E278BF3}.Release|Any CPU.Build.0 = Release|Any CPU
		{7E95AD4A-232A-4132-BF89-2C20DD1C20D6}.Debug|Any CPU.ActiveCfg = Debug|Any CPU
		{7E95AD4A-232A-4132-BF89-2C20DD1C20D6}.Debug|Any CPU.Build.0 = Debug|Any CPU
		{7E95AD4A-232A-4132-BF89-2C20DD1C20D6}.Release|Any CPU.ActiveCfg = Release|Any CPU
		{7E95AD4A-232A-4132-BF89-2C20DD1C20D6}.Release|Any CPU.Build.0 = Release|Any CPU
		{9515B5E3-ED95-424F-A8E7-C2DEB9BB9DE4}.Debug|Any CPU.ActiveCfg = Debug|Any CPU
		{9515B5E3-ED95-424F-A8E7-C2DEB9BB9DE4}.Debug|Any CPU.Build.0 = Debug|Any CPU
		{9515B5E3-ED95-424F-A8E7-C2DEB9BB9DE4}.Release|Any CPU.ActiveCfg = Release|Any CPU
		{9515B5E3-ED95-424F-A8E7-C2DEB9BB9DE4}.Release|Any CPU.Build.0 = Release|Any CPU
		{89F6CFAC-DFFA-4E6A-89BC-4BD3F5EA7E08}.Debug|Any CPU.ActiveCfg = Debug|Any CPU
		{89F6CFAC-DFFA-4E6A-89BC-4BD3F5EA7E08}.Debug|Any CPU.Build.0 = Debug|Any CPU
		{89F6CFAC-DFFA-4E6A-89BC-4BD3F5EA7E08}.Release|Any CPU.ActiveCfg = Release|Any CPU
		{89F6CFAC-DFFA-4E6A-89BC-4BD3F5EA7E08}.Release|Any CPU.Build.0 = Release|Any CPU
		{D4244C23-B268-435C-ADC7-57874290792B}.Debug|Any CPU.ActiveCfg = Debug|Any CPU
		{D4244C23-B268-435C-ADC7-57874290792B}.Debug|Any CPU.Build.0 = Debug|Any CPU
		{D4244C23-B268-435C-ADC7-57874290792B}.Release|Any CPU.ActiveCfg = Release|Any CPU
		{D4244C23-B268-435C-ADC7-57874290792B}.Release|Any CPU.Build.0 = Release|Any CPU
		{EF047F46-095E-46EF-A2A3-D0B50F44E382}.Debug|Any CPU.ActiveCfg = Debug|Any CPU
		{EF047F46-095E-46EF-A2A3-D0B50F44E382}.Debug|Any CPU.Build.0 = Debug|Any CPU
		{EF047F46-095E-46EF-A2A3-D0B50F44E382}.Release|Any CPU.ActiveCfg = Release|Any CPU
		{EF047F46-095E-46EF-A2A3-D0B50F44E382}.Release|Any CPU.Build.0 = Release|Any CPU
	EndGlobalSection
	GlobalSection(SolutionProperties) = preSolution
		HideSolutionNode = FALSE
	EndGlobalSection
	GlobalSection(NestedProjects) = preSolution
		{8B071B27-F659-44EE-BE4A-22E0250955E8} = {C2BC6C59-0B03-4976-80B7-B5E01CAE0C05}
		{9E5C79DE-6CF9-4AE3-9B31-42DC288F4FC6} = {C2BC6C59-0B03-4976-80B7-B5E01CAE0C05}
		{2F91F8FA-FA21-4FB2-9304-A1DC02D0F128} = {8B071B27-F659-44EE-BE4A-22E0250955E8}
		{F53DED63-FAEF-4A24-86C7-2DD9E6AF0CC3} = {8B071B27-F659-44EE-BE4A-22E0250955E8}
		{5EAA8CA8-C53C-4957-95FE-1641156B13F9} = {9E5C79DE-6CF9-4AE3-9B31-42DC288F4FC6}
		{9EF325DE-80D8-4C18-AACC-C947AF8A0AD9} = {9D5B823E-81A0-4EF7-9509-3F8B3A9A58CB}
		{654F40AC-135A-45DD-8097-04D5389CD581} = {C2BC6C59-0B03-4976-80B7-B5E01CAE0C05}
		{8F475499-07AC-4C60-82BD-66535E5A5128} = {654F40AC-135A-45DD-8097-04D5389CD581}
		{04359984-AA05-43A1-BC4E-03A988F49C9F} = {654F40AC-135A-45DD-8097-04D5389CD581}
		{1CDC3C33-DCEF-4EB8-AAC2-5E631AFC7081} = {D2DB8F06-F29C-43A3-AC10-803635A6BB6C}
		{89E37E7C-46D0-4976-9234-5CDF08A7F626} = {1CDC3C33-DCEF-4EB8-AAC2-5E631AFC7081}
		{75164CAD-AD2C-43A6-9403-F80C1E72B4E9} = {89E37E7C-46D0-4976-9234-5CDF08A7F626}
		{2015886E-580F-429E-8BCF-5A6E8FD53D20} = {89E37E7C-46D0-4976-9234-5CDF08A7F626}
		{BDADD7D4-EEA8-489E-B836-5B260E6B04CE} = {89E37E7C-46D0-4976-9234-5CDF08A7F626}
		{B9A4A5E7-8B2A-4BF6-8C3A-114395F8F70C} = {89E37E7C-46D0-4976-9234-5CDF08A7F626}
		{1142506C-9EDD-4EE4-8143-371843560110} = {89E37E7C-46D0-4976-9234-5CDF08A7F626}
		{4BF293ED-ED0C-412E-90A9-80DF70A68360} = {89E37E7C-46D0-4976-9234-5CDF08A7F626}
		{03C78E1C-8DF1-4432-9A1D-5452E50858E6} = {A7500981-D3B0-4F0E-976A-CBF8CCB23C34}
		{D6166F93-B231-41B1-9D26-3592935A912E} = {9D5B823E-81A0-4EF7-9509-3F8B3A9A58CB}
		{149444F5-F87A-48A9-8F72-04DAE34D50E8} = {B25F93AF-125C-4C10-B1CC-D1CCCCC6D142}
		{3C2B7D76-6C14-43BE-830D-3A0F514066D4} = {1CDC3C33-DCEF-4EB8-AAC2-5E631AFC7081}
		{ABE983B5-5153-431B-AAD2-1823BD91C2BB} = {3C2B7D76-6C14-43BE-830D-3A0F514066D4}
		{961A1BA2-2689-409D-B4C2-BE32516DC05A} = {3C2B7D76-6C14-43BE-830D-3A0F514066D4}
		{A8D4C5A8-45B4-4DB8-BCB8-6D3D9E2CF720} = {3C2B7D76-6C14-43BE-830D-3A0F514066D4}
		{BDA785E6-14E4-418F-AEB0-B00022E7736F} = {A7500981-D3B0-4F0E-976A-CBF8CCB23C34}
		{191AB1A3-B8B0-41D2-8D83-47FD2EA35B6B} = {D2DB8F06-F29C-43A3-AC10-803635A6BB6C}
		{3FC3629D-0221-44A0-A1CC-F53293556239} = {191AB1A3-B8B0-41D2-8D83-47FD2EA35B6B}
		{38CEBD3F-591B-4190-9ACD-555BE7D897FE} = {191AB1A3-B8B0-41D2-8D83-47FD2EA35B6B}
		{84AA3521-AE4A-4BE9-937C-D9FD1D63A28C} = {191AB1A3-B8B0-41D2-8D83-47FD2EA35B6B}
		{99DD2D2A-3C4B-41D5-BDF5-3F62DA587EB0} = {191AB1A3-B8B0-41D2-8D83-47FD2EA35B6B}
		{673960FC-29FC-40EA-A13C-F0CEA887BBF3} = {3C2B7D76-6C14-43BE-830D-3A0F514066D4}
		{8D5DE5D5-F452-4860-A300-D30966B0BC01} = {D2DB8F06-F29C-43A3-AC10-803635A6BB6C}
		{B5B439C4-586A-4629-85F0-18503E278BF3} = {8D5DE5D5-F452-4860-A300-D30966B0BC01}
		{7E95AD4A-232A-4132-BF89-2C20DD1C20D6} = {8D5DE5D5-F452-4860-A300-D30966B0BC01}
		{9515B5E3-ED95-424F-A8E7-C2DEB9BB9DE4} = {8D5DE5D5-F452-4860-A300-D30966B0BC01}
		{89F6CFAC-DFFA-4E6A-89BC-4BD3F5EA7E08} = {8D5DE5D5-F452-4860-A300-D30966B0BC01}
		{878E3103-E113-4E53-9359-06804190FE82} = {A7500981-D3B0-4F0E-976A-CBF8CCB23C34}
		{D4244C23-B268-435C-ADC7-57874290792B} = {878E3103-E113-4E53-9359-06804190FE82}
		{EF047F46-095E-46EF-A2A3-D0B50F44E382} = {878E3103-E113-4E53-9359-06804190FE82}
	EndGlobalSection
	GlobalSection(ExtensibilityGlobals) = postSolution
		SolutionGuid = {CFD240BC-4062-469A-AED5-18B84626A1E0}
	EndGlobalSection
EndGlobal
