
Microsoft Visual Studio Solution File, Format Version 12.00
# Visual Studio Version 17
VisualStudioVersion = 17.5.33424.131
MinimumVisualStudioVersion = 10.0.40219.1
Project("{2150E333-8FDC-42A3-9474-1A3956D46DE8}") = "Data", "Data", "{C2BC6C59-0B03-4976-80B7-B5E01CAE0C05}"
EndProject
Project("{2150E333-8FDC-42A3-9474-1A3956D46DE8}") = "Database", "Database", "{8B071B27-F659-44EE-BE4A-22E0250955E8}"
EndProject
Project("{2150E333-8FDC-42A3-9474-1A3956D46DE8}") = "Sources", "Sources", "{9E5C79DE-6CF9-4AE3-9B31-42DC288F4FC6}"
EndProject
Project("{2150E333-8FDC-42A3-9474-1A3956D46DE8}") = "Interfaces", "Interfaces", "{9D5B823E-81A0-4EF7-9509-3F8B3A9A58CB}"
EndProject
Project("{FAE04EC0-301F-11D3-BF4B-00C04F79EFBC}") = "RyazanSpace.DAL", "Data\Database\RyazanSpace.DAL\RyazanSpace.DAL.csproj", "{2F91F8FA-FA21-4FB2-9304-A1DC02D0F128}"
EndProject
Project("{FAE04EC0-301F-11D3-BF4B-00C04F79EFBC}") = "RyazanSpace.DAL.Entities", "Data\Database\RyazanSpace.DAL.Entities\RyazanSpace.DAL.Entities.csproj", "{F53DED63-FAEF-4A24-86C7-2DD9E6AF0CC3}"
EndProject
Project("{FAE04EC0-301F-11D3-BF4B-00C04F79EFBC}") = "RyazanSpace.DAL.SqlServer", "Data\Sources\RyazanSpace.DAL.SqlServer\RyazanSpace.DAL.SqlServer.csproj", "{5EAA8CA8-C53C-4957-95FE-1641156B13F9}"
EndProject
Project("{FAE04EC0-301F-11D3-BF4B-00C04F79EFBC}") = "RyazanSpace.Interfaces", "Interfaces\RyazanSpace.Interfaces\RyazanSpace.Interfaces.csproj", "{9EF325DE-80D8-4C18-AACC-C947AF8A0AD9}"
EndProject
Project("{2150E333-8FDC-42A3-9474-1A3956D46DE8}") = "API", "API", "{654F40AC-135A-45DD-8097-04D5389CD581}"
EndProject
Project("{FAE04EC0-301F-11D3-BF4B-00C04F79EFBC}") = "RyazanSpace.DAL.API", "Data\API\RyazanSpace.DAL.API\RyazanSpace.DAL.API.csproj", "{8F475499-07AC-4C60-82BD-66535E5A5128}"
EndProject
Global
	GlobalSection(SolutionConfigurationPlatforms) = preSolution
		Debug|Any CPU = Debug|Any CPU
		Release|Any CPU = Release|Any CPU
	EndGlobalSection
	GlobalSection(ProjectConfigurationPlatforms) = postSolution
		{2F91F8FA-FA21-4FB2-9304-A1DC02D0F128}.Debug|Any CPU.ActiveCfg = Debug|Any CPU
		{2F91F8FA-FA21-4FB2-9304-A1DC02D0F128}.Debug|Any CPU.Build.0 = Debug|Any CPU
		{2F91F8FA-FA21-4FB2-9304-A1DC02D0F128}.Release|Any CPU.ActiveCfg = Release|Any CPU
		{2F91F8FA-FA21-4FB2-9304-A1DC02D0F128}.Release|Any CPU.Build.0 = Release|Any CPU
		{F53DED63-FAEF-4A24-86C7-2DD9E6AF0CC3}.Debug|Any CPU.ActiveCfg = Debug|Any CPU
		{F53DED63-FAEF-4A24-86C7-2DD9E6AF0CC3}.Debug|Any CPU.Build.0 = Debug|Any CPU
		{F53DED63-FAEF-4A24-86C7-2DD9E6AF0CC3}.Release|Any CPU.ActiveCfg = Release|Any CPU
		{F53DED63-FAEF-4A24-86C7-2DD9E6AF0CC3}.Release|Any CPU.Build.0 = Release|Any CPU
		{5EAA8CA8-C53C-4957-95FE-1641156B13F9}.Debug|Any CPU.ActiveCfg = Debug|Any CPU
		{5EAA8CA8-C53C-4957-95FE-1641156B13F9}.Debug|Any CPU.Build.0 = Debug|Any CPU
		{5EAA8CA8-C53C-4957-95FE-1641156B13F9}.Release|Any CPU.ActiveCfg = Release|Any CPU
		{5EAA8CA8-C53C-4957-95FE-1641156B13F9}.Release|Any CPU.Build.0 = Release|Any CPU
		{9EF325DE-80D8-4C18-AACC-C947AF8A0AD9}.Debug|Any CPU.ActiveCfg = Debug|Any CPU
		{9EF325DE-80D8-4C18-AACC-C947AF8A0AD9}.Debug|Any CPU.Build.0 = Debug|Any CPU
		{9EF325DE-80D8-4C18-AACC-C947AF8A0AD9}.Release|Any CPU.ActiveCfg = Release|Any CPU
		{9EF325DE-80D8-4C18-AACC-C947AF8A0AD9}.Release|Any CPU.Build.0 = Release|Any CPU
		{8F475499-07AC-4C60-82BD-66535E5A5128}.Debug|Any CPU.ActiveCfg = Debug|Any CPU
		{8F475499-07AC-4C60-82BD-66535E5A5128}.Debug|Any CPU.Build.0 = Debug|Any CPU
		{8F475499-07AC-4C60-82BD-66535E5A5128}.Release|Any CPU.ActiveCfg = Release|Any CPU
		{8F475499-07AC-4C60-82BD-66535E5A5128}.Release|Any CPU.Build.0 = Release|Any CPU
	EndGlobalSection
	GlobalSection(SolutionProperties) = preSolution
		HideSolutionNode = FALSE
	EndGlobalSection
	GlobalSection(NestedProjects) = preSolution
		{8B071B27-F659-44EE-BE4A-22E0250955E8} = {C2BC6C59-0B03-4976-80B7-B5E01CAE0C05}
		{9E5C79DE-6CF9-4AE3-9B31-42DC288F4FC6} = {C2BC6C59-0B03-4976-80B7-B5E01CAE0C05}
		{2F91F8FA-FA21-4FB2-9304-A1DC02D0F128} = {8B071B27-F659-44EE-BE4A-22E0250955E8}
		{F53DED63-FAEF-4A24-86C7-2DD9E6AF0CC3} = {8B071B27-F659-44EE-BE4A-22E0250955E8}
		{5EAA8CA8-C53C-4957-95FE-1641156B13F9} = {9E5C79DE-6CF9-4AE3-9B31-42DC288F4FC6}
		{9EF325DE-80D8-4C18-AACC-C947AF8A0AD9} = {9D5B823E-81A0-4EF7-9509-3F8B3A9A58CB}
		{654F40AC-135A-45DD-8097-04D5389CD581} = {C2BC6C59-0B03-4976-80B7-B5E01CAE0C05}
		{8F475499-07AC-4C60-82BD-66535E5A5128} = {654F40AC-135A-45DD-8097-04D5389CD581}
	EndGlobalSection
	GlobalSection(ExtensibilityGlobals) = postSolution
		SolutionGuid = {CFD240BC-4062-469A-AED5-18B84626A1E0}
	EndGlobalSection
EndGlobal
